id: rfid_gate
label: gate
category: '[Rfid]'
templates:
  imports: from gnuradio import rfid
  make: rfid.gate(${sample_rate})
parameters:
- id: sample_rate
  label: Sample_rate
  dtype: int
inputs:
- label: in
  domain: stream
  dtype: complex
outputs:
- label: out
  domain: stream
  dtype: complex
file_format: 1
