id: rfid_reader
label: reader
category: '[Rfid]'
templates:
  imports: from gnuradio import rfid
  make: rfid.reader(${sample_rate}, ${dac_rate})
parameters:
- id: sample_rate
  label: Sample_rate
  dtype: int
- id: dac_rate
  label: Dac_rate
  dtype: int
inputs:
- label: in
  domain: stream
  dtype: float
outputs:
- label: out
  domain: stream
  dtype: float
file_format: 1
